
Microsoft Visual Studio Solution File, Format Version 12.00
# Visual Studio Version 17
VisualStudioVersion = 17.12.35527.113
MinimumVisualStudioVersion = 10.0.40219.1
Project("{2150E333-8FDC-42A3-9474-1A3956D46DE8}") = "shared", "shared", "{67E119A3-F630-46E6-8BAB-19BB44BCF29A}"
EndProject
Project("{2150E333-8FDC-42A3-9474-1A3956D46DE8}") = "src", "src", "{13B933CB-2433-4F0C-AB07-B53B8A8DE096}"
EndProject
Project("{2150E333-8FDC-42A3-9474-1A3956D46DE8}") = "tests", "tests", "{2B06EAE0-4576-413F-A3E0-9B661920E0CB}"
EndProject
Project("{FAE04EC0-301F-11D3-BF4B-00C04F79EFBC}") = "BadEcho.Common", "src\Core\src\Common\BadEcho.Common.csproj", "{DCEBD9ED-7A30-4BA4-9D6C-AC836CDDF0E6}"
EndProject
Project("{FAE04EC0-301F-11D3-BF4B-00C04F79EFBC}") = "BadEcho.Game", "src\Game\BadEcho.Game.csproj", "{688F6490-58FA-471C-A173-A3309C343449}"
EndProject
Project("{FAE04EC0-301F-11D3-BF4B-00C04F79EFBC}") = "BadEcho.Game.Pipeline", "src\Game.Pipeline\BadEcho.Game.Pipeline.csproj", "{B1C0C829-060E-4FE3-A56C-AD3726A7F5A7}"
EndProject
Project("{8BC9CEB8-8B4A-11D0-8D11-00A0C91BC942}") = "BadEcho.MsdfGenerator", "src\MsdfGenerator\BadEcho.MsdfGenerator.vcxproj", "{9A554C9B-B87F-44B3-8F6C-BFD8A7AC24E9}"
EndProject
Project("{FAE04EC0-301F-11D3-BF4B-00C04F79EFBC}") = "BadEcho.Game.Tests", "tests\Game.Tests\BadEcho.Game.Tests.csproj", "{EFCFB0E0-D45A-4F46-B951-072726DF6616}"
EndProject
Project("{FAE04EC0-301F-11D3-BF4B-00C04F79EFBC}") = "BadEcho.MsdfGenerator.Tests", "tests\MsdfGenerator.Tests\BadEcho.MsdfGenerator.Tests.csproj", "{A38E8B70-A8FE-486E-9600-F2658F314B6A}"
EndProject
Global
	GlobalSection(SolutionConfigurationPlatforms) = preSolution
		Debug|Any CPU = Debug|Any CPU
		Debug|x64 = Debug|x64
		Debug|x86 = Debug|x86
		Package|Any CPU = Package|Any CPU
		Package|x64 = Package|x64
		Package|x86 = Package|x86
		Release|Any CPU = Release|Any CPU
		Release|x64 = Release|x64
		Release|x86 = Release|x86
	EndGlobalSection
	GlobalSection(ProjectConfigurationPlatforms) = postSolution
		{DCEBD9ED-7A30-4BA4-9D6C-AC836CDDF0E6}.Debug|Any CPU.ActiveCfg = Debug|Any CPU
		{DCEBD9ED-7A30-4BA4-9D6C-AC836CDDF0E6}.Debug|Any CPU.Build.0 = Debug|Any CPU
		{DCEBD9ED-7A30-4BA4-9D6C-AC836CDDF0E6}.Debug|x64.ActiveCfg = Debug|Any CPU
		{DCEBD9ED-7A30-4BA4-9D6C-AC836CDDF0E6}.Debug|x64.Build.0 = Debug|Any CPU
		{DCEBD9ED-7A30-4BA4-9D6C-AC836CDDF0E6}.Debug|x86.ActiveCfg = Debug|Any CPU
		{DCEBD9ED-7A30-4BA4-9D6C-AC836CDDF0E6}.Debug|x86.Build.0 = Debug|Any CPU
		{DCEBD9ED-7A30-4BA4-9D6C-AC836CDDF0E6}.Package|Any CPU.ActiveCfg = Release|Any CPU
		{DCEBD9ED-7A30-4BA4-9D6C-AC836CDDF0E6}.Package|Any CPU.Build.0 = Release|Any CPU
		{DCEBD9ED-7A30-4BA4-9D6C-AC836CDDF0E6}.Package|x64.ActiveCfg = Release|Any CPU
		{DCEBD9ED-7A30-4BA4-9D6C-AC836CDDF0E6}.Package|x64.Build.0 = Release|Any CPU
		{DCEBD9ED-7A30-4BA4-9D6C-AC836CDDF0E6}.Package|x86.ActiveCfg = Release|Any CPU
		{DCEBD9ED-7A30-4BA4-9D6C-AC836CDDF0E6}.Package|x86.Build.0 = Release|Any CPU
		{DCEBD9ED-7A30-4BA4-9D6C-AC836CDDF0E6}.Release|Any CPU.ActiveCfg = Release|Any CPU
		{DCEBD9ED-7A30-4BA4-9D6C-AC836CDDF0E6}.Release|Any CPU.Build.0 = Release|Any CPU
		{DCEBD9ED-7A30-4BA4-9D6C-AC836CDDF0E6}.Release|x64.ActiveCfg = Release|Any CPU
		{DCEBD9ED-7A30-4BA4-9D6C-AC836CDDF0E6}.Release|x64.Build.0 = Release|Any CPU
		{DCEBD9ED-7A30-4BA4-9D6C-AC836CDDF0E6}.Release|x86.ActiveCfg = Release|Any CPU
		{DCEBD9ED-7A30-4BA4-9D6C-AC836CDDF0E6}.Release|x86.Build.0 = Release|Any CPU
		{688F6490-58FA-471C-A173-A3309C343449}.Debug|Any CPU.ActiveCfg = Debug|Any CPU
		{688F6490-58FA-471C-A173-A3309C343449}.Debug|Any CPU.Build.0 = Debug|Any CPU
		{688F6490-58FA-471C-A173-A3309C343449}.Debug|x64.ActiveCfg = Debug|Any CPU
		{688F6490-58FA-471C-A173-A3309C343449}.Debug|x64.Build.0 = Debug|Any CPU
		{688F6490-58FA-471C-A173-A3309C343449}.Debug|x86.ActiveCfg = Debug|Any CPU
		{688F6490-58FA-471C-A173-A3309C343449}.Debug|x86.Build.0 = Debug|Any CPU
		{688F6490-58FA-471C-A173-A3309C343449}.Package|Any CPU.ActiveCfg = Release|Any CPU
		{688F6490-58FA-471C-A173-A3309C343449}.Package|Any CPU.Build.0 = Release|Any CPU
		{688F6490-58FA-471C-A173-A3309C343449}.Package|x64.ActiveCfg = Release|Any CPU
		{688F6490-58FA-471C-A173-A3309C343449}.Package|x64.Build.0 = Release|Any CPU
		{688F6490-58FA-471C-A173-A3309C343449}.Package|x86.ActiveCfg = Release|Any CPU
		{688F6490-58FA-471C-A173-A3309C343449}.Package|x86.Build.0 = Release|Any CPU
		{688F6490-58FA-471C-A173-A3309C343449}.Release|Any CPU.ActiveCfg = Release|Any CPU
		{688F6490-58FA-471C-A173-A3309C343449}.Release|Any CPU.Build.0 = Release|Any CPU
		{688F6490-58FA-471C-A173-A3309C343449}.Release|x64.ActiveCfg = Release|Any CPU
		{688F6490-58FA-471C-A173-A3309C343449}.Release|x64.Build.0 = Release|Any CPU
		{688F6490-58FA-471C-A173-A3309C343449}.Release|x86.ActiveCfg = Release|Any CPU
		{688F6490-58FA-471C-A173-A3309C343449}.Release|x86.Build.0 = Release|Any CPU
		{B1C0C829-060E-4FE3-A56C-AD3726A7F5A7}.Debug|Any CPU.ActiveCfg = Debug|x64
		{B1C0C829-060E-4FE3-A56C-AD3726A7F5A7}.Debug|Any CPU.Build.0 = Debug|x64
		{B1C0C829-060E-4FE3-A56C-AD3726A7F5A7}.Debug|x64.ActiveCfg = Debug|x64
		{B1C0C829-060E-4FE3-A56C-AD3726A7F5A7}.Debug|x64.Build.0 = Debug|x64
		{B1C0C829-060E-4FE3-A56C-AD3726A7F5A7}.Debug|x86.ActiveCfg = Debug|x86
		{B1C0C829-060E-4FE3-A56C-AD3726A7F5A7}.Debug|x86.Build.0 = Debug|x86
		{B1C0C829-060E-4FE3-A56C-AD3726A7F5A7}.Package|Any CPU.ActiveCfg = Release|x64
		{B1C0C829-060E-4FE3-A56C-AD3726A7F5A7}.Package|Any CPU.Build.0 = Release|x64
		{B1C0C829-060E-4FE3-A56C-AD3726A7F5A7}.Package|x64.ActiveCfg = Release|x64
		{B1C0C829-060E-4FE3-A56C-AD3726A7F5A7}.Package|x64.Build.0 = Release|x64
		{B1C0C829-060E-4FE3-A56C-AD3726A7F5A7}.Package|x86.ActiveCfg = Release|x86
		{B1C0C829-060E-4FE3-A56C-AD3726A7F5A7}.Package|x86.Build.0 = Release|x86
		{B1C0C829-060E-4FE3-A56C-AD3726A7F5A7}.Release|Any CPU.ActiveCfg = Release|x64
		{B1C0C829-060E-4FE3-A56C-AD3726A7F5A7}.Release|Any CPU.Build.0 = Release|x64
		{B1C0C829-060E-4FE3-A56C-AD3726A7F5A7}.Release|x64.ActiveCfg = Release|x64
		{B1C0C829-060E-4FE3-A56C-AD3726A7F5A7}.Release|x64.Build.0 = Release|x64
		{B1C0C829-060E-4FE3-A56C-AD3726A7F5A7}.Release|x86.ActiveCfg = Release|x86
		{B1C0C829-060E-4FE3-A56C-AD3726A7F5A7}.Release|x86.Build.0 = Release|x86
		{9A554C9B-B87F-44B3-8F6C-BFD8A7AC24E9}.Debug|Any CPU.ActiveCfg = Debug|x64
		{9A554C9B-B87F-44B3-8F6C-BFD8A7AC24E9}.Debug|Any CPU.Build.0 = Debug|x64
		{9A554C9B-B87F-44B3-8F6C-BFD8A7AC24E9}.Debug|x64.ActiveCfg = Debug|x64
		{9A554C9B-B87F-44B3-8F6C-BFD8A7AC24E9}.Debug|x64.Build.0 = Debug|x64
		{9A554C9B-B87F-44B3-8F6C-BFD8A7AC24E9}.Debug|x86.ActiveCfg = Debug|Win32
		{9A554C9B-B87F-44B3-8F6C-BFD8A7AC24E9}.Debug|x86.Build.0 = Debug|Win32
		{9A554C9B-B87F-44B3-8F6C-BFD8A7AC24E9}.Package|Any CPU.ActiveCfg = Release|x64
		{9A554C9B-B87F-44B3-8F6C-BFD8A7AC24E9}.Package|x64.ActiveCfg = Release|x64
		{9A554C9B-B87F-44B3-8F6C-BFD8A7AC24E9}.Package|x86.ActiveCfg = Release|Win32
		{9A554C9B-B87F-44B3-8F6C-BFD8A7AC24E9}.Release|Any CPU.ActiveCfg = Release|x64
		{9A554C9B-B87F-44B3-8F6C-BFD8A7AC24E9}.Release|Any CPU.Build.0 = Release|x64
		{9A554C9B-B87F-44B3-8F6C-BFD8A7AC24E9}.Release|x64.ActiveCfg = Release|x64
		{9A554C9B-B87F-44B3-8F6C-BFD8A7AC24E9}.Release|x64.Build.0 = Release|x64
		{9A554C9B-B87F-44B3-8F6C-BFD8A7AC24E9}.Release|x86.ActiveCfg = Release|Win32
		{9A554C9B-B87F-44B3-8F6C-BFD8A7AC24E9}.Release|x86.Build.0 = Release|Win32
		{EFCFB0E0-D45A-4F46-B951-072726DF6616}.Debug|Any CPU.ActiveCfg = Debug|x64
		{EFCFB0E0-D45A-4F46-B951-072726DF6616}.Debug|Any CPU.Build.0 = Debug|x64
		{EFCFB0E0-D45A-4F46-B951-072726DF6616}.Debug|x64.ActiveCfg = Debug|x64
		{EFCFB0E0-D45A-4F46-B951-072726DF6616}.Debug|x64.Build.0 = Debug|x64
		{EFCFB0E0-D45A-4F46-B951-072726DF6616}.Debug|x86.ActiveCfg = Debug|x86
		{EFCFB0E0-D45A-4F46-B951-072726DF6616}.Debug|x86.Build.0 = Debug|x86
		{EFCFB0E0-D45A-4F46-B951-072726DF6616}.Package|Any CPU.ActiveCfg = Release|x64
		{EFCFB0E0-D45A-4F46-B951-072726DF6616}.Package|x64.ActiveCfg = Release|x64
		{EFCFB0E0-D45A-4F46-B951-072726DF6616}.Package|x86.ActiveCfg = Release|x86
		{EFCFB0E0-D45A-4F46-B951-072726DF6616}.Release|Any CPU.ActiveCfg = Release|x64
		{EFCFB0E0-D45A-4F46-B951-072726DF6616}.Release|Any CPU.Build.0 = Release|x64
		{EFCFB0E0-D45A-4F46-B951-072726DF6616}.Release|x64.ActiveCfg = Release|x64
		{EFCFB0E0-D45A-4F46-B951-072726DF6616}.Release|x64.Build.0 = Release|x64
		{EFCFB0E0-D45A-4F46-B951-072726DF6616}.Release|x86.ActiveCfg = Release|x86
		{EFCFB0E0-D45A-4F46-B951-072726DF6616}.Release|x86.Build.0 = Release|x86
		{A38E8B70-A8FE-486E-9600-F2658F314B6A}.Debug|Any CPU.ActiveCfg = Debug|x64
		{A38E8B70-A8FE-486E-9600-F2658F314B6A}.Debug|Any CPU.Build.0 = Debug|x64
		{A38E8B70-A8FE-486E-9600-F2658F314B6A}.Debug|x64.ActiveCfg = Debug|x64
		{A38E8B70-A8FE-486E-9600-F2658F314B6A}.Debug|x64.Build.0 = Debug|x64
		{A38E8B70-A8FE-486E-9600-F2658F314B6A}.Debug|x86.ActiveCfg = Debug|x86
		{A38E8B70-A8FE-486E-9600-F2658F314B6A}.Debug|x86.Build.0 = Debug|x86
		{A38E8B70-A8FE-486E-9600-F2658F314B6A}.Package|Any CPU.ActiveCfg = Release|x64
		{A38E8B70-A8FE-486E-9600-F2658F314B6A}.Package|x64.ActiveCfg = Release|x64
		{A38E8B70-A8FE-486E-9600-F2658F314B6A}.Package|x86.ActiveCfg = Release|x86
		{A38E8B70-A8FE-486E-9600-F2658F314B6A}.Release|Any CPU.ActiveCfg = Release|x64
		{A38E8B70-A8FE-486E-9600-F2658F314B6A}.Release|Any CPU.Build.0 = Release|x64
		{A38E8B70-A8FE-486E-9600-F2658F314B6A}.Release|x64.ActiveCfg = Release|x64
		{A38E8B70-A8FE-486E-9600-F2658F314B6A}.Release|x64.Build.0 = Release|x64
		{A38E8B70-A8FE-486E-9600-F2658F314B6A}.Release|x86.ActiveCfg = Release|x86
		{A38E8B70-A8FE-486E-9600-F2658F314B6A}.Release|x86.Build.0 = Release|x86
	EndGlobalSection
	GlobalSection(SolutionProperties) = preSolution
		HideSolutionNode = FALSE
	EndGlobalSection
	GlobalSection(NestedProjects) = preSolution
		{DCEBD9ED-7A30-4BA4-9D6C-AC836CDDF0E6} = {67E119A3-F630-46E6-8BAB-19BB44BCF29A}
		{688F6490-58FA-471C-A173-A3309C343449} = {13B933CB-2433-4F0C-AB07-B53B8A8DE096}
		{B1C0C829-060E-4FE3-A56C-AD3726A7F5A7} = {13B933CB-2433-4F0C-AB07-B53B8A8DE096}
		{9A554C9B-B87F-44B3-8F6C-BFD8A7AC24E9} = {13B933CB-2433-4F0C-AB07-B53B8A8DE096}
		{EFCFB0E0-D45A-4F46-B951-072726DF6616} = {2B06EAE0-4576-413F-A3E0-9B661920E0CB}
		{A38E8B70-A8FE-486E-9600-F2658F314B6A} = {2B06EAE0-4576-413F-A3E0-9B661920E0CB}
	EndGlobalSection
EndGlobal
